
Microsoft Visual Studio Solution File, Format Version 12.00
# Visual Studio 15
VisualStudioVersion = 15.0.28010.2050
MinimumVisualStudioVersion = 10.0.40219.1
Project("{9A19103F-16F7-4668-BE54-9A1E7A4F7556}") = "TWZipCodeSharp", "TWZipCodeSharp\TWZipCodeSharp.csproj", "{15729C01-DDC4-4FFC-9F90-8526959C3A37}"
EndProject
Project("{FAE04EC0-301F-11D3-BF4B-00C04F79EFBC}") = "TWZipCodeSharp.Test", "TWZipCodeSharp.Test\TWZipCodeSharp.Test.csproj", "{38B04B03-173A-4D2B-B8D8-83EDCBABEFA7}"
EndProject
Global
	GlobalSection(SolutionConfigurationPlatforms) = preSolution
		Debug|Any CPU = Debug|Any CPU
		Release|Any CPU = Release|Any CPU
	EndGlobalSection
	GlobalSection(ProjectConfigurationPlatforms) = postSolution
		{15729C01-DDC4-4FFC-9F90-8526959C3A37}.Debug|Any CPU.ActiveCfg = Debug|Any CPU
		{15729C01-DDC4-4FFC-9F90-8526959C3A37}.Debug|Any CPU.Build.0 = Debug|Any CPU
		{15729C01-DDC4-4FFC-9F90-8526959C3A37}.Release|Any CPU.ActiveCfg = Release|Any CPU
		{15729C01-DDC4-4FFC-9F90-8526959C3A37}.Release|Any CPU.Build.0 = Release|Any CPU
		{38B04B03-173A-4D2B-B8D8-83EDCBABEFA7}.Debug|Any CPU.ActiveCfg = Debug|Any CPU
		{38B04B03-173A-4D2B-B8D8-83EDCBABEFA7}.Debug|Any CPU.Build.0 = Debug|Any CPU
		{38B04B03-173A-4D2B-B8D8-83EDCBABEFA7}.Release|Any CPU.ActiveCfg = Release|Any CPU
		{38B04B03-173A-4D2B-B8D8-83EDCBABEFA7}.Release|Any CPU.Build.0 = Release|Any CPU
	EndGlobalSection
	GlobalSection(SolutionProperties) = preSolution
		HideSolutionNode = FALSE
	EndGlobalSection
	GlobalSection(ExtensibilityGlobals) = postSolution
		SolutionGuid = {E5E74B84-0B94-4D75-978C-2373978738EF}
	EndGlobalSection
EndGlobal
